
Microsoft Visual Studio Solution File, Format Version 11.00
# Visual Studio 2010
Project("{FAE04EC0-301F-11D3-BF4B-00C04F79EFBC}") = "TCP Protocol", "TCP Protocol\TCP Protocol.csproj", "{C9059DE8-6D8B-4CD9-9983-7BDA0E3ECD1F}"
EndProject
Global
	GlobalSection(SolutionConfigurationPlatforms) = preSolution
		Debug|x86 = Debug|x86
		Release|x86 = Release|x86
	EndGlobalSection
	GlobalSection(ProjectConfigurationPlatforms) = postSolution
		{C9059DE8-6D8B-4CD9-9983-7BDA0E3ECD1F}.Debug|x86.ActiveCfg = Debug|x86
		{C9059DE8-6D8B-4CD9-9983-7BDA0E3ECD1F}.Debug|x86.Build.0 = Debug|x86
		{C9059DE8-6D8B-4CD9-9983-7BDA0E3ECD1F}.Release|x86.ActiveCfg = Release|x86
		{C9059DE8-6D8B-4CD9-9983-7BDA0E3ECD1F}.Release|x86.Build.0 = Release|x86
	EndGlobalSection
	GlobalSection(SolutionProperties) = preSolution
		HideSolutionNode = FALSE
	EndGlobalSection
EndGlobal
